
Microsoft Visual Studio Solution File, Format Version 12.00
# Visual Studio Version 17
VisualStudioVersion = 17.11.35303.130
MinimumVisualStudioVersion = 10.0.40219.1
Project("{FAE04EC0-301F-11D3-BF4B-00C04F79EFBC}") = "System.Extensions", "System.Extensions\System.Extensions.csproj", "{9F203596-50BD-4B0A-B0B6-04405FEEE99D}"
EndProject
Project("{FAE04EC0-301F-11D3-BF4B-00C04F79EFBC}") = "System.ExtensionsTests", "System.ExtensionsTests\System.ExtensionsTests.csproj", "{01256DE5-592E-4789-95E9-E125126CAFCA}"
EndProject
Global
	GlobalSection(SolutionConfigurationPlatforms) = preSolution
		Debug|Any CPU = Debug|Any CPU
		Release|Any CPU = Release|Any CPU
	EndGlobalSection
	GlobalSection(ProjectConfigurationPlatforms) = postSolution
		{9F203596-50BD-4B0A-B0B6-04405FEEE99D}.Debug|Any CPU.ActiveCfg = Debug|Any CPU
		{9F203596-50BD-4B0A-B0B6-04405FEEE99D}.Debug|Any CPU.Build.0 = Debug|Any CPU
		{9F203596-50BD-4B0A-B0B6-04405FEEE99D}.Release|Any CPU.ActiveCfg = Release|Any CPU
		{9F203596-50BD-4B0A-B0B6-04405FEEE99D}.Release|Any CPU.Build.0 = Release|Any CPU
		{01256DE5-592E-4789-95E9-E125126CAFCA}.Debug|Any CPU.ActiveCfg = Debug|Any CPU
		{01256DE5-592E-4789-95E9-E125126CAFCA}.Debug|Any CPU.Build.0 = Debug|Any CPU
		{01256DE5-592E-4789-95E9-E125126CAFCA}.Release|Any CPU.ActiveCfg = Release|Any CPU
		{01256DE5-592E-4789-95E9-E125126CAFCA}.Release|Any CPU.Build.0 = Release|Any CPU
	EndGlobalSection
	GlobalSection(SolutionProperties) = preSolution
		HideSolutionNode = FALSE
	EndGlobalSection
	GlobalSection(ExtensibilityGlobals) = postSolution
		SolutionGuid = {36454C74-21E6-4C29-8346-1320745ABD06}
	EndGlobalSection
EndGlobal
